
Microsoft Visual Studio Solution File, Format Version 12.00
# Visual Studio 15
VisualStudioVersion = 15.0.27703.2042
MinimumVisualStudioVersion = 10.0.40219.1
Project("{FAE04EC0-301F-11D3-BF4B-00C04F79EFBC}") = "PED3", "PED3\PED3.csproj", "{BCFA4718-A9D5-4361-8FBC-4F5121558A13}"
EndProject
Global
	GlobalSection(SolutionConfigurationPlatforms) = preSolution
		Debug|Any CPU = Debug|Any CPU
		Release|Any CPU = Release|Any CPU
	EndGlobalSection
	GlobalSection(ProjectConfigurationPlatforms) = postSolution
		{BCFA4718-A9D5-4361-8FBC-4F5121558A13}.Debug|Any CPU.ActiveCfg = Debug|Any CPU
		{BCFA4718-A9D5-4361-8FBC-4F5121558A13}.Debug|Any CPU.Build.0 = Debug|Any CPU
		{BCFA4718-A9D5-4361-8FBC-4F5121558A13}.Release|Any CPU.ActiveCfg = Release|Any CPU
		{BCFA4718-A9D5-4361-8FBC-4F5121558A13}.Release|Any CPU.Build.0 = Release|Any CPU
	EndGlobalSection
	GlobalSection(SolutionProperties) = preSolution
		HideSolutionNode = FALSE
	EndGlobalSection
	GlobalSection(ExtensibilityGlobals) = postSolution
		SolutionGuid = {56C1652B-C00A-4BC0-82D5-885D11CA0AEF}
	EndGlobalSection
EndGlobal
